
Microsoft Visual Studio Solution File, Format Version 12.00
# Visual Studio 15
VisualStudioVersion = 15.0.27703.2035
MinimumVisualStudioVersion = 10.0.40219.1
Project("{FAE04EC0-301F-11D3-BF4B-00C04F79EFBC}") = "fabiostefani.io.Rabbit.Publisher", "fabiostefani.io.Rabbit.Publisher\fabiostefani.io.Rabbit.Publisher.csproj", "{DAA541C4-B7C2-4C2C-892E-89A951302182}"
EndProject
Project("{FAE04EC0-301F-11D3-BF4B-00C04F79EFBC}") = "fabiostefani.io.Rabbit.Consumer", "fabiostefani.io.Rabbit.Consumer\fabiostefani.io.Rabbit.Consumer.csproj", "{F698934F-11BA-4B05-8046-34B5285E6975}"
EndProject
Project("{FAE04EC0-301F-11D3-BF4B-00C04F79EFBC}") = "Contratos", "Contratos\Contratos.csproj", "{DB0C14F1-B71F-4245-9B15-1AE750F6E2DC}"
EndProject
Global
	GlobalSection(SolutionConfigurationPlatforms) = preSolution
		Debug|Any CPU = Debug|Any CPU
		Release|Any CPU = Release|Any CPU
	EndGlobalSection
	GlobalSection(ProjectConfigurationPlatforms) = postSolution
		{DAA541C4-B7C2-4C2C-892E-89A951302182}.Debug|Any CPU.ActiveCfg = Debug|Any CPU
		{DAA541C4-B7C2-4C2C-892E-89A951302182}.Debug|Any CPU.Build.0 = Debug|Any CPU
		{DAA541C4-B7C2-4C2C-892E-89A951302182}.Release|Any CPU.ActiveCfg = Release|Any CPU
		{DAA541C4-B7C2-4C2C-892E-89A951302182}.Release|Any CPU.Build.0 = Release|Any CPU
		{F698934F-11BA-4B05-8046-34B5285E6975}.Debug|Any CPU.ActiveCfg = Debug|Any CPU
		{F698934F-11BA-4B05-8046-34B5285E6975}.Debug|Any CPU.Build.0 = Debug|Any CPU
		{F698934F-11BA-4B05-8046-34B5285E6975}.Release|Any CPU.ActiveCfg = Release|Any CPU
		{F698934F-11BA-4B05-8046-34B5285E6975}.Release|Any CPU.Build.0 = Release|Any CPU
		{DB0C14F1-B71F-4245-9B15-1AE750F6E2DC}.Debug|Any CPU.ActiveCfg = Debug|Any CPU
		{DB0C14F1-B71F-4245-9B15-1AE750F6E2DC}.Debug|Any CPU.Build.0 = Debug|Any CPU
		{DB0C14F1-B71F-4245-9B15-1AE750F6E2DC}.Release|Any CPU.ActiveCfg = Release|Any CPU
		{DB0C14F1-B71F-4245-9B15-1AE750F6E2DC}.Release|Any CPU.Build.0 = Release|Any CPU
	EndGlobalSection
	GlobalSection(SolutionProperties) = preSolution
		HideSolutionNode = FALSE
	EndGlobalSection
	GlobalSection(ExtensibilityGlobals) = postSolution
		SolutionGuid = {C909A20D-F10C-454B-89CC-272FD1984D2C}
	EndGlobalSection
EndGlobal
